// !$*UTF8*$!
{
	archiveVersion = 1;
	classes = {
	};
	objectVersion = 56;
	objects = {

/* Begin PBXBuildFile section */
		B93788E72BB63506004B1455 /* Tabs.swift in Sources */ = {isa = PBXBuildFile; fileRef = B93788E62BB63506004B1455 /* Tabs.swift */; };
		B93788EA2BB63587004B1455 /* Dashboard.swift in Sources */ = {isa = PBXBuildFile; fileRef = B93788E92BB63587004B1455 /* Dashboard.swift */; };
		B93788EC2BB63598004B1455 /* Settings.swift in Sources */ = {isa = PBXBuildFile; fileRef = B93788EB2BB63598004B1455 /* Settings.swift */; };
		B93788F42BB6451B004B1455 /* WidgetKit.framework in Frameworks */ = {isa = PBXBuildFile; fileRef = B93788F32BB6451B004B1455 /* WidgetKit.framework */; };
		B93788F62BB6451B004B1455 /* SwiftUI.framework in Frameworks */ = {isa = PBXBuildFile; fileRef = B93788F52BB6451B004B1455 /* SwiftUI.framework */; };
		B93788F92BB6451B004B1455 /* Today_StatsBundle.swift in Sources */ = {isa = PBXBuildFile; fileRef = B93788F82BB6451B004B1455 /* Today_StatsBundle.swift */; };
		B93788FB2BB6451B004B1455 /* Today_Stats.swift in Sources */ = {isa = PBXBuildFile; fileRef = B93788FA2BB6451B004B1455 /* Today_Stats.swift */; };
		B93788FD2BB6451D004B1455 /* Assets.xcassets in Resources */ = {isa = PBXBuildFile; fileRef = B93788FC2BB6451D004B1455 /* Assets.xcassets */; };
		B93789012BB6451D004B1455 /* Today StatsExtension.appex in Embed Foundation Extensions */ = {isa = PBXBuildFile; fileRef = B93788F12BB6451B004B1455 /* Today StatsExtension.appex */; settings = {ATTRIBUTES = (RemoveHeadersOnCopy, ); }; };
		B93789132BB793C5004B1455 /* DataService.swift in Sources */ = {isa = PBXBuildFile; fileRef = B93789122BB793C5004B1455 /* DataService.swift */; };
		B93789162BB79961004B1455 /* Date.swift in Sources */ = {isa = PBXBuildFile; fileRef = B93789152BB79961004B1455 /* Date.swift */; };
		B9B286D52BB59FF50059C3F3 /* NetworkViewModel.swift in Sources */ = {isa = PBXBuildFile; fileRef = B9B286D42BB59FF50059C3F3 /* NetworkViewModel.swift */; };
		B9B286D72BB5A0050059C3F3 /* NetworkService.swift in Sources */ = {isa = PBXBuildFile; fileRef = B9B286D62BB5A0050059C3F3 /* NetworkService.swift */; };
		B9B286D92BB5A0870059C3F3 /* NetworkError.swift in Sources */ = {isa = PBXBuildFile; fileRef = B9B286D82BB5A0870059C3F3 /* NetworkError.swift */; };
		B9DF72D72BB0421A008AE746 /* WakatimerApp.swift in Sources */ = {isa = PBXBuildFile; fileRef = B9DF72D62BB0421A008AE746 /* WakatimerApp.swift */; };
		B9DF72D92BB0421A008AE746 /* ContentView.swift in Sources */ = {isa = PBXBuildFile; fileRef = B9DF72D82BB0421A008AE746 /* ContentView.swift */; };
		B9DF72DB2BB0421C008AE746 /* Assets.xcassets in Resources */ = {isa = PBXBuildFile; fileRef = B9DF72DA2BB0421C008AE746 /* Assets.xcassets */; };
		B9DF72DE2BB0421C008AE746 /* Preview Assets.xcassets in Resources */ = {isa = PBXBuildFile; fileRef = B9DF72DD2BB0421C008AE746 /* Preview Assets.xcassets */; };
		B9DF72E62BB04B5D008AE746 /* Heartbeat.swift in Sources */ = {isa = PBXBuildFile; fileRef = B9DF72E52BB04B5D008AE746 /* Heartbeat.swift */; };
/* End PBXBuildFile section */

/* Begin PBXContainerItemProxy section */
		B93788FF2BB6451D004B1455 /* PBXContainerItemProxy */ = {
			isa = PBXContainerItemProxy;
			containerPortal = B9DF72CB2BB0421A008AE746 /* Project object */;
			proxyType = 1;
			remoteGlobalIDString = B93788F02BB6451B004B1455;
			remoteInfo = "Today StatsExtension";
		};
/* End PBXContainerItemProxy section */

/* Begin PBXCopyFilesBuildPhase section */
		B93789052BB6451D004B1455 /* Embed Foundation Extensions */ = {
			isa = PBXCopyFilesBuildPhase;
			buildActionMask = 2147483647;
			dstPath = "";
			dstSubfolderSpec = 13;
			files = (
				B93789012BB6451D004B1455 /* Today StatsExtension.appex in Embed Foundation Extensions */,
			);
			name = "Embed Foundation Extensions";
			runOnlyForDeploymentPostprocessing = 0;
		};
/* End PBXCopyFilesBuildPhase section */

/* Begin PBXFileReference section */
		B93788E62BB63506004B1455 /* Tabs.swift */ = {isa = PBXFileReference; lastKnownFileType = sourcecode.swift; path = Tabs.swift; sourceTree = "<group>"; };
		B93788E92BB63587004B1455 /* Dashboard.swift */ = {isa = PBXFileReference; lastKnownFileType = sourcecode.swift; path = Dashboard.swift; sourceTree = "<group>"; };
		B93788EB2BB63598004B1455 /* Settings.swift */ = {isa = PBXFileReference; lastKnownFileType = sourcecode.swift; path = Settings.swift; sourceTree = "<group>"; };
		B93788F12BB6451B004B1455 /* Today StatsExtension.appex */ = {isa = PBXFileReference; explicitFileType = "wrapper.app-extension"; includeInIndex = 0; path = "Today StatsExtension.appex"; sourceTree = BUILT_PRODUCTS_DIR; };
		B93788F32BB6451B004B1455 /* WidgetKit.framework */ = {isa = PBXFileReference; lastKnownFileType = wrapper.framework; name = WidgetKit.framework; path = System/Library/Frameworks/WidgetKit.framework; sourceTree = SDKROOT; };
		B93788F52BB6451B004B1455 /* SwiftUI.framework */ = {isa = PBXFileReference; lastKnownFileType = wrapper.framework; name = SwiftUI.framework; path = System/Library/Frameworks/SwiftUI.framework; sourceTree = SDKROOT; };
		B93788F82BB6451B004B1455 /* Today_StatsBundle.swift */ = {isa = PBXFileReference; lastKnownFileType = sourcecode.swift; path = Today_StatsBundle.swift; sourceTree = "<group>"; };
		B93788FA2BB6451B004B1455 /* Today_Stats.swift */ = {isa = PBXFileReference; lastKnownFileType = sourcecode.swift; path = Today_Stats.swift; sourceTree = "<group>"; };
		B93788FC2BB6451D004B1455 /* Assets.xcassets */ = {isa = PBXFileReference; lastKnownFileType = folder.assetcatalog; path = Assets.xcassets; sourceTree = "<group>"; };
		B93788FE2BB6451D004B1455 /* Info.plist */ = {isa = PBXFileReference; lastKnownFileType = text.plist.xml; path = Info.plist; sourceTree = "<group>"; };
		B937890F2BB7929B004B1455 /* Wakatimer.entitlements */ = {isa = PBXFileReference; lastKnownFileType = text.plist.entitlements; path = Wakatimer.entitlements; sourceTree = "<group>"; };
		B93789102BB792AD004B1455 /* Today StatsExtension.entitlements */ = {isa = PBXFileReference; lastKnownFileType = text.plist.entitlements; path = "Today StatsExtension.entitlements"; sourceTree = "<group>"; };
		B93789122BB793C5004B1455 /* DataService.swift */ = {isa = PBXFileReference; lastKnownFileType = sourcecode.swift; path = DataService.swift; sourceTree = "<group>"; };
		B93789152BB79961004B1455 /* Date.swift */ = {isa = PBXFileReference; lastKnownFileType = sourcecode.swift; path = Date.swift; sourceTree = "<group>"; };
		B9B286D42BB59FF50059C3F3 /* NetworkViewModel.swift */ = {isa = PBXFileReference; lastKnownFileType = sourcecode.swift; path = NetworkViewModel.swift; sourceTree = "<group>"; };
		B9B286D62BB5A0050059C3F3 /* NetworkService.swift */ = {isa = PBXFileReference; lastKnownFileType = sourcecode.swift; path = NetworkService.swift; sourceTree = "<group>"; };
		B9B286D82BB5A0870059C3F3 /* NetworkError.swift */ = {isa = PBXFileReference; lastKnownFileType = sourcecode.swift; path = NetworkError.swift; sourceTree = "<group>"; };
		B9DF72D32BB0421A008AE746 /* Wakatimer.app */ = {isa = PBXFileReference; explicitFileType = wrapper.application; includeInIndex = 0; path = Wakatimer.app; sourceTree = BUILT_PRODUCTS_DIR; };
		B9DF72D62BB0421A008AE746 /* WakatimerApp.swift */ = {isa = PBXFileReference; lastKnownFileType = sourcecode.swift; path = WakatimerApp.swift; sourceTree = "<group>"; };
		B9DF72D82BB0421A008AE746 /* ContentView.swift */ = {isa = PBXFileReference; lastKnownFileType = sourcecode.swift; path = ContentView.swift; sourceTree = "<group>"; };
		B9DF72DA2BB0421C008AE746 /* Assets.xcassets */ = {isa = PBXFileReference; lastKnownFileType = folder.assetcatalog; path = Assets.xcassets; sourceTree = "<group>"; };
		B9DF72DD2BB0421C008AE746 /* Preview Assets.xcassets */ = {isa = PBXFileReference; lastKnownFileType = folder.assetcatalog; path = "Preview Assets.xcassets"; sourceTree = "<group>"; };
		B9DF72E52BB04B5D008AE746 /* Heartbeat.swift */ = {isa = PBXFileReference; lastKnownFileType = sourcecode.swift; path = Heartbeat.swift; sourceTree = "<group>"; };
/* End PBXFileReference section */

/* Begin PBXFrameworksBuildPhase section */
		B93788EE2BB6451B004B1455 /* Frameworks */ = {
			isa = PBXFrameworksBuildPhase;
			buildActionMask = 2147483647;
			files = (
				B93788F62BB6451B004B1455 /* SwiftUI.framework in Frameworks */,
				B93788F42BB6451B004B1455 /* WidgetKit.framework in Frameworks */,
			);
			runOnlyForDeploymentPostprocessing = 0;
		};
		B9DF72D02BB0421A008AE746 /* Frameworks */ = {
			isa = PBXFrameworksBuildPhase;
			buildActionMask = 2147483647;
			files = (
			);
			runOnlyForDeploymentPostprocessing = 0;
		};
/* End PBXFrameworksBuildPhase section */

/* Begin PBXGroup section */
		B93788E82BB63563004B1455 /* TabViews */ = {
			isa = PBXGroup;
			children = (
				B93788E92BB63587004B1455 /* Dashboard.swift */,
				B93788EB2BB63598004B1455 /* Settings.swift */,
			);
			path = TabViews;
			sourceTree = "<group>";
		};
		B93788F22BB6451B004B1455 /* Frameworks */ = {
			isa = PBXGroup;
			children = (
				B93788F32BB6451B004B1455 /* WidgetKit.framework */,
				B93788F52BB6451B004B1455 /* SwiftUI.framework */,
			);
			name = Frameworks;
			sourceTree = "<group>";
		};
		B93788F72BB6451B004B1455 /* Today Stats */ = {
			isa = PBXGroup;
			children = (
				B93789112BB793AE004B1455 /* Model */,
				B93789072BB64547004B1455 /* Widget */,
				B93789062BB64534004B1455 /* View */,
				B93788FC2BB6451D004B1455 /* Assets.xcassets */,
				B93788FE2BB6451D004B1455 /* Info.plist */,
			);
			path = "Today Stats";
			sourceTree = "<group>";
		};
		B93789062BB64534004B1455 /* View */ = {
			isa = PBXGroup;
			children = (
				B93788FA2BB6451B004B1455 /* Today_Stats.swift */,
			);
			path = View;
			sourceTree = "<group>";
		};
		B93789072BB64547004B1455 /* Widget */ = {
			isa = PBXGroup;
			children = (
				B93788F82BB6451B004B1455 /* Today_StatsBundle.swift */,
			);
			path = Widget;
			sourceTree = "<group>";
		};
		B93789112BB793AE004B1455 /* Model */ = {
			isa = PBXGroup;
			children = (
				B93789122BB793C5004B1455 /* DataService.swift */,
			);
			path = Model;
			sourceTree = "<group>";
		};
		B93789142BB79951004B1455 /* Extension */ = {
			isa = PBXGroup;
			children = (
				B93789152BB79961004B1455 /* Date.swift */,
			);
			path = Extension;
			sourceTree = "<group>";
		};
		B9B286D02BB59EED0059C3F3 /* App */ = {
			isa = PBXGroup;
			children = (
				B9DF72D62BB0421A008AE746 /* WakatimerApp.swift */,
			);
			path = App;
			sourceTree = "<group>";
		};
		B9B286D12BB59EF80059C3F3 /* View */ = {
			isa = PBXGroup;
			children = (
				B93788E82BB63563004B1455 /* TabViews */,
				B9DF72D82BB0421A008AE746 /* ContentView.swift */,
			);
			path = View;
			sourceTree = "<group>";
		};
		B9B286D22BB59EFF0059C3F3 /* ViewModel */ = {
			isa = PBXGroup;
			children = (
				B9B286D42BB59FF50059C3F3 /* NetworkViewModel.swift */,
			);
			path = ViewModel;
			sourceTree = "<group>";
		};
		B9B286D32BB59F060059C3F3 /* Service */ = {
			isa = PBXGroup;
			children = (
				B9B286D62BB5A0050059C3F3 /* NetworkService.swift */,
			);
			path = Service;
			sourceTree = "<group>";
		};
		B9DF72CA2BB0421A008AE746 = {
			isa = PBXGroup;
			children = (
				B93789102BB792AD004B1455 /* Today StatsExtension.entitlements */,
				B9DF72D52BB0421A008AE746 /* Wakatimer */,
				B93788F72BB6451B004B1455 /* Today Stats */,
				B93788F22BB6451B004B1455 /* Frameworks */,
				B9DF72D42BB0421A008AE746 /* Products */,
			);
			sourceTree = "<group>";
		};
		B9DF72D42BB0421A008AE746 /* Products */ = {
			isa = PBXGroup;
			children = (
				B9DF72D32BB0421A008AE746 /* Wakatimer.app */,
				B93788F12BB6451B004B1455 /* Today StatsExtension.appex */,
			);
			name = Products;
			sourceTree = "<group>";
		};
		B9DF72D52BB0421A008AE746 /* Wakatimer */ = {
			isa = PBXGroup;
			children = (
				B93789142BB79951004B1455 /* Extension */,
				B937890F2BB7929B004B1455 /* Wakatimer.entitlements */,
				B9B286D02BB59EED0059C3F3 /* App */,
				B9B286D32BB59F060059C3F3 /* Service */,
				B9B286D12BB59EF80059C3F3 /* View */,
				B9B286D22BB59EFF0059C3F3 /* ViewModel */,
				B9DF72E42BB04B46008AE746 /* Model */,
				B9DF72DA2BB0421C008AE746 /* Assets.xcassets */,
				B9DF72DC2BB0421C008AE746 /* Preview Content */,
			);
			path = Wakatimer;
			sourceTree = "<group>";
		};
		B9DF72DC2BB0421C008AE746 /* Preview Content */ = {
			isa = PBXGroup;
			children = (
				B9DF72DD2BB0421C008AE746 /* Preview Assets.xcassets */,
			);
			path = "Preview Content";
			sourceTree = "<group>";
		};
		B9DF72E42BB04B46008AE746 /* Model */ = {
			isa = PBXGroup;
			children = (
				B9DF72E52BB04B5D008AE746 /* Heartbeat.swift */,
				B9B286D82BB5A0870059C3F3 /* NetworkError.swift */,
				B93788E62BB63506004B1455 /* Tabs.swift */,
			);
			path = Model;
			sourceTree = "<group>";
		};
/* End PBXGroup section */

/* Begin PBXNativeTarget section */
		B93788F02BB6451B004B1455 /* Today StatsExtension */ = {
			isa = PBXNativeTarget;
			buildConfigurationList = B93789022BB6451D004B1455 /* Build configuration list for PBXNativeTarget "Today StatsExtension" */;
			buildPhases = (
				B93788ED2BB6451B004B1455 /* Sources */,
				B93788EE2BB6451B004B1455 /* Frameworks */,
				B93788EF2BB6451B004B1455 /* Resources */,
			);
			buildRules = (
			);
			dependencies = (
			);
			name = "Today StatsExtension";
			productName = "Today StatsExtension";
			productReference = B93788F12BB6451B004B1455 /* Today StatsExtension.appex */;
			productType = "com.apple.product-type.app-extension";
		};
		B9DF72D22BB0421A008AE746 /* Wakatimer */ = {
			isa = PBXNativeTarget;
			buildConfigurationList = B9DF72E12BB0421C008AE746 /* Build configuration list for PBXNativeTarget "Wakatimer" */;
			buildPhases = (
				B9DF72CF2BB0421A008AE746 /* Sources */,
				B9DF72D02BB0421A008AE746 /* Frameworks */,
				B9DF72D12BB0421A008AE746 /* Resources */,
				B93789052BB6451D004B1455 /* Embed Foundation Extensions */,
			);
			buildRules = (
			);
			dependencies = (
				B93789002BB6451D004B1455 /* PBXTargetDependency */,
			);
			name = Wakatimer;
			productName = Wakatimer;
			productReference = B9DF72D32BB0421A008AE746 /* Wakatimer.app */;
			productType = "com.apple.product-type.application";
		};
/* End PBXNativeTarget section */

/* Begin PBXProject section */
		B9DF72CB2BB0421A008AE746 /* Project object */ = {
			isa = PBXProject;
			attributes = {
				BuildIndependentTargetsInParallel = 1;
				LastSwiftUpdateCheck = 1530;
				LastUpgradeCheck = 1530;
				TargetAttributes = {
					B93788F02BB6451B004B1455 = {
						CreatedOnToolsVersion = 15.3;
					};
					B9DF72D22BB0421A008AE746 = {
						CreatedOnToolsVersion = 15.3;
					};
				};
			};
			buildConfigurationList = B9DF72CE2BB0421A008AE746 /* Build configuration list for PBXProject "Wakatimer" */;
			compatibilityVersion = "Xcode 14.0";
			developmentRegion = en;
			hasScannedForEncodings = 0;
			knownRegions = (
				en,
				Base,
			);
			mainGroup = B9DF72CA2BB0421A008AE746;
			productRefGroup = B9DF72D42BB0421A008AE746 /* Products */;
			projectDirPath = "";
			projectRoot = "";
			targets = (
				B9DF72D22BB0421A008AE746 /* Wakatimer */,
				B93788F02BB6451B004B1455 /* Today StatsExtension */,
			);
		};
/* End PBXProject section */

/* Begin PBXResourcesBuildPhase section */
		B93788EF2BB6451B004B1455 /* Resources */ = {
			isa = PBXResourcesBuildPhase;
			buildActionMask = 2147483647;
			files = (
				B93788FD2BB6451D004B1455 /* Assets.xcassets in Resources */,
			);
			runOnlyForDeploymentPostprocessing = 0;
		};
		B9DF72D12BB0421A008AE746 /* Resources */ = {
			isa = PBXResourcesBuildPhase;
			buildActionMask = 2147483647;
			files = (
				B9DF72DE2BB0421C008AE746 /* Preview Assets.xcassets in Resources */,
				B9DF72DB2BB0421C008AE746 /* Assets.xcassets in Resources */,
			);
			runOnlyForDeploymentPostprocessing = 0;
		};
/* End PBXResourcesBuildPhase section */

/* Begin PBXSourcesBuildPhase section */
		B93788ED2BB6451B004B1455 /* Sources */ = {
			isa = PBXSourcesBuildPhase;
			buildActionMask = 2147483647;
			files = (
				B93788F92BB6451B004B1455 /* Today_StatsBundle.swift in Sources */,
				B93789132BB793C5004B1455 /* DataService.swift in Sources */,
				B93788FB2BB6451B004B1455 /* Today_Stats.swift in Sources */,
			);
			runOnlyForDeploymentPostprocessing = 0;
		};
		B9DF72CF2BB0421A008AE746 /* Sources */ = {
			isa = PBXSourcesBuildPhase;
			buildActionMask = 2147483647;
			files = (
				B93788E72BB63506004B1455 /* Tabs.swift in Sources */,
				B9B286D72BB5A0050059C3F3 /* NetworkService.swift in Sources */,
				B93788EA2BB63587004B1455 /* Dashboard.swift in Sources */,
				B9DF72E62BB04B5D008AE746 /* Heartbeat.swift in Sources */,
				B9DF72D92BB0421A008AE746 /* ContentView.swift in Sources */,
				B9B286D92BB5A0870059C3F3 /* NetworkError.swift in Sources */,
				B93789162BB79961004B1455 /* Date.swift in Sources */,
				B93788EC2BB63598004B1455 /* Settings.swift in Sources */,
				B9DF72D72BB0421A008AE746 /* WakatimerApp.swift in Sources */,
				B9B286D52BB59FF50059C3F3 /* NetworkViewModel.swift in Sources */,
			);
			runOnlyForDeploymentPostprocessing = 0;
		};
/* End PBXSourcesBuildPhase section */

/* Begin PBXTargetDependency section */
		B93789002BB6451D004B1455 /* PBXTargetDependency */ = {
			isa = PBXTargetDependency;
			target = B93788F02BB6451B004B1455 /* Today StatsExtension */;
			targetProxy = B93788FF2BB6451D004B1455 /* PBXContainerItemProxy */;
		};
/* End PBXTargetDependency section */

/* Begin XCBuildConfiguration section */
		B93789032BB6451D004B1455 /* Debug */ = {
			isa = XCBuildConfiguration;
			buildSettings = {
				ASSETCATALOG_COMPILER_GLOBAL_ACCENT_COLOR_NAME = AccentColor;
				ASSETCATALOG_COMPILER_WIDGET_BACKGROUND_COLOR_NAME = WidgetBackground;
				CODE_SIGN_ENTITLEMENTS = "Today StatsExtension.entitlements";
				CODE_SIGN_STYLE = Automatic;
				CURRENT_PROJECT_VERSION = 1;
				DEVELOPMENT_TEAM = P3FF69NPAL;
				GENERATE_INFOPLIST_FILE = YES;
				INFOPLIST_FILE = "Today Stats/Info.plist";
				INFOPLIST_KEY_CFBundleDisplayName = "Today Stats";
				INFOPLIST_KEY_NSHumanReadableCopyright = "";
				LD_RUNPATH_SEARCH_PATHS = (
					"$(inherited)",
					"@executable_path/Frameworks",
					"@executable_path/../../Frameworks",
				);
				MARKETING_VERSION = 1.0;
				PRODUCT_BUNDLE_IDENTIFIER = "me.parikshith.Wakatimer.Today-Stats";
				PRODUCT_NAME = "$(TARGET_NAME)";
				SKIP_INSTALL = YES;
				SWIFT_EMIT_LOC_STRINGS = YES;
				SWIFT_VERSION = 5.0;
				TARGETED_DEVICE_FAMILY = "1,2";
			};
			name = Debug;
		};
		B93789042BB6451D004B1455 /* Release */ = {
			isa = XCBuildConfiguration;
			buildSettings = {
				ASSETCATALOG_COMPILER_GLOBAL_ACCENT_COLOR_NAME = AccentColor;
				ASSETCATALOG_COMPILER_WIDGET_BACKGROUND_COLOR_NAME = WidgetBackground;
				CODE_SIGN_ENTITLEMENTS = "Today StatsExtension.entitlements";
				CODE_SIGN_STYLE = Automatic;
				CURRENT_PROJECT_VERSION = 1;
				DEVELOPMENT_TEAM = P3FF69NPAL;
				GENERATE_INFOPLIST_FILE = YES;
				INFOPLIST_FILE = "Today Stats/Info.plist";
				INFOPLIST_KEY_CFBundleDisplayName = "Today Stats";
				INFOPLIST_KEY_NSHumanReadableCopyright = "";
				LD_RUNPATH_SEARCH_PATHS = (
					"$(inherited)",
					"@executable_path/Frameworks",
					"@executable_path/../../Frameworks",
				);
				MARKETING_VERSION = 1.0;
				PRODUCT_BUNDLE_IDENTIFIER = "me.parikshith.Wakatimer.Today-Stats";
				PRODUCT_NAME = "$(TARGET_NAME)";
				SKIP_INSTALL = YES;
				SWIFT_EMIT_LOC_STRINGS = YES;
				SWIFT_VERSION = 5.0;
				TARGETED_DEVICE_FAMILY = "1,2";
			};
			name = Release;
		};
		B9DF72DF2BB0421C008AE746 /* Debug */ = {
			isa = XCBuildConfiguration;
			buildSettings = {
				ALWAYS_SEARCH_USER_PATHS = NO;
				ASSETCATALOG_COMPILER_GENERATE_SWIFT_ASSET_SYMBOL_EXTENSIONS = YES;
				CLANG_ANALYZER_NONNULL = YES;
				CLANG_ANALYZER_NUMBER_OBJECT_CONVERSION = YES_AGGRESSIVE;
				CLANG_CXX_LANGUAGE_STANDARD = "gnu++20";
				CLANG_ENABLE_MODULES = YES;
				CLANG_ENABLE_OBJC_ARC = YES;
				CLANG_ENABLE_OBJC_WEAK = YES;
				CLANG_WARN_BLOCK_CAPTURE_AUTORELEASING = YES;
				CLANG_WARN_BOOL_CONVERSION = YES;
				CLANG_WARN_COMMA = YES;
				CLANG_WARN_CONSTANT_CONVERSION = YES;
				CLANG_WARN_DEPRECATED_OBJC_IMPLEMENTATIONS = YES;
				CLANG_WARN_DIRECT_OBJC_ISA_USAGE = YES_ERROR;
				CLANG_WARN_DOCUMENTATION_COMMENTS = YES;
				CLANG_WARN_EMPTY_BODY = YES;
				CLANG_WARN_ENUM_CONVERSION = YES;
				CLANG_WARN_INFINITE_RECURSION = YES;
				CLANG_WARN_INT_CONVERSION = YES;
				CLANG_WARN_NON_LITERAL_NULL_CONVERSION = YES;
				CLANG_WARN_OBJC_IMPLICIT_RETAIN_SELF = YES;
				CLANG_WARN_OBJC_LITERAL_CONVERSION = YES;
				CLANG_WARN_OBJC_ROOT_CLASS = YES_ERROR;
				CLANG_WARN_QUOTED_INCLUDE_IN_FRAMEWORK_HEADER = YES;
				CLANG_WARN_RANGE_LOOP_ANALYSIS = YES;
				CLANG_WARN_STRICT_PROTOTYPES = YES;
				CLANG_WARN_SUSPICIOUS_MOVE = YES;
				CLANG_WARN_UNGUARDED_AVAILABILITY = YES_AGGRESSIVE;
				CLANG_WARN_UNREACHABLE_CODE = YES;
				CLANG_WARN__DUPLICATE_METHOD_MATCH = YES;
				COPY_PHASE_STRIP = NO;
				DEBUG_INFORMATION_FORMAT = dwarf;
				ENABLE_STRICT_OBJC_MSGSEND = YES;
				ENABLE_TESTABILITY = YES;
				ENABLE_USER_SCRIPT_SANDBOXING = YES;
				GCC_C_LANGUAGE_STANDARD = gnu17;
				GCC_DYNAMIC_NO_PIC = NO;
				GCC_NO_COMMON_BLOCKS = YES;
				GCC_OPTIMIZATION_LEVEL = 0;
				GCC_PREPROCESSOR_DEFINITIONS = (
					"DEBUG=1",
					"$(inherited)",
				);
				GCC_WARN_64_TO_32_BIT_CONVERSION = YES;
				GCC_WARN_ABOUT_RETURN_TYPE = YES_ERROR;
				GCC_WARN_UNDECLARED_SELECTOR = YES;
				GCC_WARN_UNINITIALIZED_AUTOS = YES_AGGRESSIVE;
				GCC_WARN_UNUSED_FUNCTION = YES;
				GCC_WARN_UNUSED_VARIABLE = YES;
				IPHONEOS_DEPLOYMENT_TARGET = 17.4;
				LOCALIZATION_PREFERS_STRING_CATALOGS = YES;
				MTL_ENABLE_DEBUG_INFO = INCLUDE_SOURCE;
				MTL_FAST_MATH = YES;
				ONLY_ACTIVE_ARCH = YES;
				SDKROOT = iphoneos;
				SWIFT_ACTIVE_COMPILATION_CONDITIONS = "DEBUG $(inherited)";
				SWIFT_OPTIMIZATION_LEVEL = "-Onone";
			};
			name = Debug;
		};
		B9DF72E02BB0421C008AE746 /* Release */ = {
			isa = XCBuildConfiguration;
			buildSettings = {
				ALWAYS_SEARCH_USER_PATHS = NO;
				ASSETCATALOG_COMPILER_GENERATE_SWIFT_ASSET_SYMBOL_EXTENSIONS = YES;
				CLANG_ANALYZER_NONNULL = YES;
				CLANG_ANALYZER_NUMBER_OBJECT_CONVERSION = YES_AGGRESSIVE;
				CLANG_CXX_LANGUAGE_STANDARD = "gnu++20";
				CLANG_ENABLE_MODULES = YES;
				CLANG_ENABLE_OBJC_ARC = YES;
				CLANG_ENABLE_OBJC_WEAK = YES;
				CLANG_WARN_BLOCK_CAPTURE_AUTORELEASING = YES;
				CLANG_WARN_BOOL_CONVERSION = YES;
				CLANG_WARN_COMMA = YES;
				CLANG_WARN_CONSTANT_CONVERSION = YES;
				CLANG_WARN_DEPRECATED_OBJC_IMPLEMENTATIONS = YES;
				CLANG_WARN_DIRECT_OBJC_ISA_USAGE = YES_ERROR;
				CLANG_WARN_DOCUMENTATION_COMMENTS = YES;
				CLANG_WARN_EMPTY_BODY = YES;
				CLANG_WARN_ENUM_CONVERSION = YES;
				CLANG_WARN_INFINITE_RECURSION = YES;
				CLANG_WARN_INT_CONVERSION = YES;
				CLANG_WARN_NON_LITERAL_NULL_CONVERSION = YES;
				CLANG_WARN_OBJC_IMPLICIT_RETAIN_SELF = YES;
				CLANG_WARN_OBJC_LITERAL_CONVERSION = YES;
				CLANG_WARN_OBJC_ROOT_CLASS = YES_ERROR;
				CLANG_WARN_QUOTED_INCLUDE_IN_FRAMEWORK_HEADER = YES;
				CLANG_WARN_RANGE_LOOP_ANALYSIS = YES;
				CLANG_WARN_STRICT_PROTOTYPES = YES;
				CLANG_WARN_SUSPICIOUS_MOVE = YES;
				CLANG_WARN_UNGUARDED_AVAILABILITY = YES_AGGRESSIVE;
				CLANG_WARN_UNREACHABLE_CODE = YES;
				CLANG_WARN__DUPLICATE_METHOD_MATCH = YES;
				COPY_PHASE_STRIP = NO;
				DEBUG_INFORMATION_FORMAT = "dwarf-with-dsym";
				ENABLE_NS_ASSERTIONS = NO;
				ENABLE_STRICT_OBJC_MSGSEND = YES;
				ENABLE_USER_SCRIPT_SANDBOXING = YES;
				GCC_C_LANGUAGE_STANDARD = gnu17;
				GCC_NO_COMMON_BLOCKS = YES;
				GCC_WARN_64_TO_32_BIT_CONVERSION = YES;
				GCC_WARN_ABOUT_RETURN_TYPE = YES_ERROR;
				GCC_WARN_UNDECLARED_SELECTOR = YES;
				GCC_WARN_UNINITIALIZED_AUTOS = YES_AGGRESSIVE;
				GCC_WARN_UNUSED_FUNCTION = YES;
				GCC_WARN_UNUSED_VARIABLE = YES;
				IPHONEOS_DEPLOYMENT_TARGET = 17.4;
				LOCALIZATION_PREFERS_STRING_CATALOGS = YES;
				MTL_ENABLE_DEBUG_INFO = NO;
				MTL_FAST_MATH = YES;
				SDKROOT = iphoneos;
				SWIFT_COMPILATION_MODE = wholemodule;
				VALIDATE_PRODUCT = YES;
			};
			name = Release;
		};
		B9DF72E22BB0421C008AE746 /* Debug */ = {
			isa = XCBuildConfiguration;
			buildSettings = {
				ALWAYS_EMBED_SWIFT_STANDARD_LIBRARIES = YES;
				ASSETCATALOG_COMPILER_APPICON_NAME = AppIcon;
				ASSETCATALOG_COMPILER_GLOBAL_ACCENT_COLOR_NAME = AccentColor;
				CODE_SIGN_ENTITLEMENTS = Wakatimer/Wakatimer.entitlements;
				CODE_SIGN_STYLE = Automatic;
				CURRENT_PROJECT_VERSION = 1;
				DEVELOPMENT_ASSET_PATHS = "\"Wakatimer/Preview Content\"";
				DEVELOPMENT_TEAM = P3FF69NPAL;
				ENABLE_PREVIEWS = YES;
				GENERATE_INFOPLIST_FILE = YES;
				INFOPLIST_KEY_UIApplicationSceneManifest_Generation = YES;
				INFOPLIST_KEY_UIApplicationSupportsIndirectInputEvents = YES;
				INFOPLIST_KEY_UILaunchScreen_Generation = YES;
				INFOPLIST_KEY_UISupportedInterfaceOrientations_iPad = "UIInterfaceOrientationPortrait UIInterfaceOrientationPortraitUpsideDown UIInterfaceOrientationLandscapeLeft UIInterfaceOrientationLandscapeRight";
				INFOPLIST_KEY_UISupportedInterfaceOrientations_iPhone = "UIInterfaceOrientationPortrait UIInterfaceOrientationLandscapeLeft UIInterfaceOrientationLandscapeRight";
				LD_RUNPATH_SEARCH_PATHS = (
					"$(inherited)",
					"@executable_path/Frameworks",
				);
				MARKETING_VERSION = 1.0;
				PRODUCT_BUNDLE_IDENTIFIER = me.parikshith.Wakatimer;
				PRODUCT_NAME = "$(TARGET_NAME)";
				SWIFT_EMIT_LOC_STRINGS = YES;
				SWIFT_VERSION = 5.0;
				TARGETED_DEVICE_FAMILY = "1,2";
			};
			name = Debug;
		};
		B9DF72E32BB0421C008AE746 /* Release */ = {
			isa = XCBuildConfiguration;
			buildSettings = {
				ALWAYS_EMBED_SWIFT_STANDARD_LIBRARIES = YES;
				ASSETCATALOG_COMPILER_APPICON_NAME = AppIcon;
				ASSETCATALOG_COMPILER_GLOBAL_ACCENT_COLOR_NAME = AccentColor;
				CODE_SIGN_ENTITLEMENTS = Wakatimer/Wakatimer.entitlements;
				CODE_SIGN_STYLE = Automatic;
				CURRENT_PROJECT_VERSION = 1;
				DEVELOPMENT_ASSET_PATHS = "\"Wakatimer/Preview Content\"";
				DEVELOPMENT_TEAM = P3FF69NPAL;
				ENABLE_PREVIEWS = YES;
				GENERATE_INFOPLIST_FILE = YES;
				INFOPLIST_KEY_UIApplicationSceneManifest_Generation = YES;
				INFOPLIST_KEY_UIApplicationSupportsIndirectInputEvents = YES;
				INFOPLIST_KEY_UILaunchScreen_Generation = YES;
				INFOPLIST_KEY_UISupportedInterfaceOrientations_iPad = "UIInterfaceOrientationPortrait UIInterfaceOrientationPortraitUpsideDown UIInterfaceOrientationLandscapeLeft UIInterfaceOrientationLandscapeRight";
				INFOPLIST_KEY_UISupportedInterfaceOrientations_iPhone = "UIInterfaceOrientationPortrait UIInterfaceOrientationLandscapeLeft UIInterfaceOrientationLandscapeRight";
				LD_RUNPATH_SEARCH_PATHS = (
					"$(inherited)",
					"@executable_path/Frameworks",
				);
				MARKETING_VERSION = 1.0;
				PRODUCT_BUNDLE_IDENTIFIER = me.parikshith.Wakatimer;
				PRODUCT_NAME = "$(TARGET_NAME)";
				SWIFT_EMIT_LOC_STRINGS = YES;
				SWIFT_VERSION = 5.0;
				TARGETED_DEVICE_FAMILY = "1,2";
			};
			name = Release;
		};
/* End XCBuildConfiguration section */

/* Begin XCConfigurationList section */
		B93789022BB6451D004B1455 /* Build configuration list for PBXNativeTarget "Today StatsExtension" */ = {
			isa = XCConfigurationList;
			buildConfigurations = (
				B93789032BB6451D004B1455 /* Debug */,
				B93789042BB6451D004B1455 /* Release */,
			);
			defaultConfigurationIsVisible = 0;
			defaultConfigurationName = Release;
		};
		B9DF72CE2BB0421A008AE746 /* Build configuration list for PBXProject "Wakatimer" */ = {
			isa = XCConfigurationList;
			buildConfigurations = (
				B9DF72DF2BB0421C008AE746 /* Debug */,
				B9DF72E02BB0421C008AE746 /* Release */,
			);
			defaultConfigurationIsVisible = 0;
			defaultConfigurationName = Release;
		};
		B9DF72E12BB0421C008AE746 /* Build configuration list for PBXNativeTarget "Wakatimer" */ = {
			isa = XCConfigurationList;
			buildConfigurations = (
				B9DF72E22BB0421C008AE746 /* Debug */,
				B9DF72E32BB0421C008AE746 /* Release */,
			);
			defaultConfigurationIsVisible = 0;
			defaultConfigurationName = Release;
		};
/* End XCConfigurationList section */
	};
	rootObject = B9DF72CB2BB0421A008AE746 /* Project object */;
}
